
Microsoft Visual Studio Solution File, Format Version 12.00
# Visual Studio Version 17
VisualStudioVersion = 17.4.33213.308
MinimumVisualStudioVersion = 10.0.40219.1
Project("{9A19103F-16F7-4668-BE54-9A1E7A4F7556}") = "EnglishVocabulary", "EnglishVocabulary.csproj", "{079A20E1-8BDE-4B27-8DAC-FD55E179618E}"
EndProject
Global
	GlobalSection(SolutionConfigurationPlatforms) = preSolution
		Debug|Any CPU = Debug|Any CPU
		Release|Any CPU = Release|Any CPU
	EndGlobalSection
	GlobalSection(ProjectConfigurationPlatforms) = postSolution
		{079A20E1-8BDE-4B27-8DAC-FD55E179618E}.Debug|Any CPU.ActiveCfg = Debug|Any CPU
		{079A20E1-8BDE-4B27-8DAC-FD55E179618E}.Debug|Any CPU.Build.0 = Debug|Any CPU
		{079A20E1-8BDE-4B27-8DAC-FD55E179618E}.Release|Any CPU.ActiveCfg = Release|Any CPU
		{079A20E1-8BDE-4B27-8DAC-FD55E179618E}.Release|Any CPU.Build.0 = Release|Any CPU
	EndGlobalSection
	GlobalSection(SolutionProperties) = preSolution
		HideSolutionNode = FALSE
	EndGlobalSection
	GlobalSection(ExtensibilityGlobals) = postSolution
		SolutionGuid = {5112C0BB-EB5D-48C9-8610-32959FABB0AB}
	EndGlobalSection
EndGlobal
