
Microsoft Visual Studio Solution File, Format Version 12.00
# Visual Studio Version 17
VisualStudioVersion = 17.7.34031.279
MinimumVisualStudioVersion = 10.0.40219.1
Project("{9A19103F-16F7-4668-BE54-9A1E7A4F7556}") = "DemoAdoNet2", "DemoAdoNet2\DemoAdoNet2.csproj", "{065DE1A2-3BF4-481C-88E2-E129FF8F6F73}"
EndProject
Project("{9A19103F-16F7-4668-BE54-9A1E7A4F7556}") = "ConsoleApp1", "ConsoleApp1\ConsoleApp1.csproj", "{C0B0864A-7E38-46C5-B0D6-624BCD6B3192}"
EndProject
Project("{54435603-DBB4-11D2-8724-00A0C9A8B90C}") = "Setup1", "Setup1\Setup1.vdproj", "{0B985B15-0624-4CE9-9598-84B8ECC047E8}"
EndProject
Global
	GlobalSection(SolutionConfigurationPlatforms) = preSolution
		Debug|Any CPU = Debug|Any CPU
		Release|Any CPU = Release|Any CPU
	EndGlobalSection
	GlobalSection(ProjectConfigurationPlatforms) = postSolution
		{065DE1A2-3BF4-481C-88E2-E129FF8F6F73}.Debug|Any CPU.ActiveCfg = Debug|Any CPU
		{065DE1A2-3BF4-481C-88E2-E129FF8F6F73}.Debug|Any CPU.Build.0 = Debug|Any CPU
		{065DE1A2-3BF4-481C-88E2-E129FF8F6F73}.Release|Any CPU.ActiveCfg = Release|Any CPU
		{065DE1A2-3BF4-481C-88E2-E129FF8F6F73}.Release|Any CPU.Build.0 = Release|Any CPU
		{C0B0864A-7E38-46C5-B0D6-624BCD6B3192}.Debug|Any CPU.ActiveCfg = Debug|Any CPU
		{C0B0864A-7E38-46C5-B0D6-624BCD6B3192}.Debug|Any CPU.Build.0 = Debug|Any CPU
		{C0B0864A-7E38-46C5-B0D6-624BCD6B3192}.Release|Any CPU.ActiveCfg = Release|Any CPU
		{C0B0864A-7E38-46C5-B0D6-624BCD6B3192}.Release|Any CPU.Build.0 = Release|Any CPU
		{0B985B15-0624-4CE9-9598-84B8ECC047E8}.Debug|Any CPU.ActiveCfg = Debug
		{0B985B15-0624-4CE9-9598-84B8ECC047E8}.Release|Any CPU.ActiveCfg = Release
	EndGlobalSection
	GlobalSection(SolutionProperties) = preSolution
		HideSolutionNode = FALSE
	EndGlobalSection
	GlobalSection(ExtensibilityGlobals) = postSolution
		SolutionGuid = {CB2C297C-6328-4711-962D-FA4D530C9D42}
	EndGlobalSection
EndGlobal
